
Microsoft Visual Studio Solution File, Format Version 12.00
# Visual Studio Version 17
VisualStudioVersion = 17.9.34728.123
MinimumVisualStudioVersion = 10.0.40219.1
Project("{FAE04EC0-301F-11D3-BF4B-00C04F79EFBC}") = "WinFormsApp4", "WinFormsApp4\WinFormsApp4.csproj", "{ABEEA462-6F6B-4D2F-96CD-5815452F8B21}"
EndProject
Global
	GlobalSection(SolutionConfigurationPlatforms) = preSolution
		Debug|Any CPU = Debug|Any CPU
		Release|Any CPU = Release|Any CPU
	EndGlobalSection
	GlobalSection(ProjectConfigurationPlatforms) = postSolution
		{ABEEA462-6F6B-4D2F-96CD-5815452F8B21}.Debug|Any CPU.ActiveCfg = Debug|Any CPU
		{ABEEA462-6F6B-4D2F-96CD-5815452F8B21}.Debug|Any CPU.Build.0 = Debug|Any CPU
		{ABEEA462-6F6B-4D2F-96CD-5815452F8B21}.Release|Any CPU.ActiveCfg = Release|Any CPU
		{ABEEA462-6F6B-4D2F-96CD-5815452F8B21}.Release|Any CPU.Build.0 = Release|Any CPU
	EndGlobalSection
	GlobalSection(SolutionProperties) = preSolution
		HideSolutionNode = FALSE
	EndGlobalSection
	GlobalSection(ExtensibilityGlobals) = postSolution
		SolutionGuid = {1698DAE3-EF63-4E22-947E-11B9F26D28A8}
	EndGlobalSection
EndGlobal
